
Microsoft Visual Studio Solution File, Format Version 12.00
Project("{FAE04EC0-301F-11D3-BF4B-00C04F79EFBC}") = "API", "API\API.csproj", "{8C868D28-8E85-46EC-AEFC-BCE7E53E7B27}"
EndProject
Project("{FAE04EC0-301F-11D3-BF4B-00C04F79EFBC}") = "DAL", "DAL\DAL.csproj", "{470F86A7-CB7D-48A7-B62A-F49B268DE120}"
EndProject
Project("{FAE04EC0-301F-11D3-BF4B-00C04F79EFBC}") = "BLL", "BLL\BLL.csproj", "{D694D59D-6D0F-4817-80BD-956F9471CCAD}"
EndProject
Project("{FAE04EC0-301F-11D3-BF4B-00C04F79EFBC}") = "UnitTest", "..\test\UnitTest\UnitTest.csproj", "{47944A6A-48DB-424D-AE72-A4D602AD7ED2}"
EndProject
Project("{FAE04EC0-301F-11D3-BF4B-00C04F79EFBC}") = "Model", "Model\Model.csproj", "{9C969B38-CA8B-4A8F-9D02-1040A026382B}"
EndProject
Global
	GlobalSection(SolutionConfigurationPlatforms) = preSolution
		Debug|Any CPU = Debug|Any CPU
		Release|Any CPU = Release|Any CPU
	EndGlobalSection
	GlobalSection(ProjectConfigurationPlatforms) = postSolution
		{8C868D28-8E85-46EC-AEFC-BCE7E53E7B27}.Debug|Any CPU.ActiveCfg = Debug|Any CPU
		{8C868D28-8E85-46EC-AEFC-BCE7E53E7B27}.Debug|Any CPU.Build.0 = Debug|Any CPU
		{8C868D28-8E85-46EC-AEFC-BCE7E53E7B27}.Release|Any CPU.ActiveCfg = Release|Any CPU
		{8C868D28-8E85-46EC-AEFC-BCE7E53E7B27}.Release|Any CPU.Build.0 = Release|Any CPU
		{470F86A7-CB7D-48A7-B62A-F49B268DE120}.Debug|Any CPU.ActiveCfg = Debug|Any CPU
		{470F86A7-CB7D-48A7-B62A-F49B268DE120}.Debug|Any CPU.Build.0 = Debug|Any CPU
		{470F86A7-CB7D-48A7-B62A-F49B268DE120}.Release|Any CPU.ActiveCfg = Release|Any CPU
		{470F86A7-CB7D-48A7-B62A-F49B268DE120}.Release|Any CPU.Build.0 = Release|Any CPU
		{D694D59D-6D0F-4817-80BD-956F9471CCAD}.Debug|Any CPU.ActiveCfg = Debug|Any CPU
		{D694D59D-6D0F-4817-80BD-956F9471CCAD}.Debug|Any CPU.Build.0 = Debug|Any CPU
		{D694D59D-6D0F-4817-80BD-956F9471CCAD}.Release|Any CPU.ActiveCfg = Release|Any CPU
		{D694D59D-6D0F-4817-80BD-956F9471CCAD}.Release|Any CPU.Build.0 = Release|Any CPU
		{47944A6A-48DB-424D-AE72-A4D602AD7ED2}.Debug|Any CPU.ActiveCfg = Debug|Any CPU
		{47944A6A-48DB-424D-AE72-A4D602AD7ED2}.Debug|Any CPU.Build.0 = Debug|Any CPU
		{47944A6A-48DB-424D-AE72-A4D602AD7ED2}.Release|Any CPU.ActiveCfg = Release|Any CPU
		{47944A6A-48DB-424D-AE72-A4D602AD7ED2}.Release|Any CPU.Build.0 = Release|Any CPU
		{9C969B38-CA8B-4A8F-9D02-1040A026382B}.Debug|Any CPU.ActiveCfg = Debug|Any CPU
		{9C969B38-CA8B-4A8F-9D02-1040A026382B}.Debug|Any CPU.Build.0 = Debug|Any CPU
		{9C969B38-CA8B-4A8F-9D02-1040A026382B}.Release|Any CPU.ActiveCfg = Release|Any CPU
		{9C969B38-CA8B-4A8F-9D02-1040A026382B}.Release|Any CPU.Build.0 = Release|Any CPU
	EndGlobalSection
EndGlobal
